
Microsoft Visual Studio Solution File, Format Version 12.00
# Visual Studio Version 17
VisualStudioVersion = 17.1.32210.238
MinimumVisualStudioVersion = 10.0.40219.1
Project("{9A19103F-16F7-4668-BE54-9A1E7A4F7556}") = "Code-Wars-Challenges-CSharp", "code-wars-challenges-csharp\Code-Wars-Challenges-CSharp.csproj", "{B2C05208-B105-4B87-BB9B-33A313FC17FC}"
EndProject
Project("{9A19103F-16F7-4668-BE54-9A1E7A4F7556}") = "Tests", "Tests\Tests.csproj", "{1D7F3E0A-01DD-490B-88F4-D08B672F37A3}"
EndProject
Project("{FAE04EC0-301F-11D3-BF4B-00C04F79EFBC}") = "Benchmark", "Benchmark\Benchmark.csproj", "{6A811EC8-37FC-45E7-B102-613F092BCB2B}"
EndProject
Global
	GlobalSection(SolutionConfigurationPlatforms) = preSolution
		Debug|Any CPU = Debug|Any CPU
		Release|Any CPU = Release|Any CPU
	EndGlobalSection
	GlobalSection(ProjectConfigurationPlatforms) = postSolution
		{B2C05208-B105-4B87-BB9B-33A313FC17FC}.Debug|Any CPU.ActiveCfg = Debug|Any CPU
		{B2C05208-B105-4B87-BB9B-33A313FC17FC}.Debug|Any CPU.Build.0 = Debug|Any CPU
		{B2C05208-B105-4B87-BB9B-33A313FC17FC}.Release|Any CPU.ActiveCfg = Release|Any CPU
		{B2C05208-B105-4B87-BB9B-33A313FC17FC}.Release|Any CPU.Build.0 = Release|Any CPU
		{1D7F3E0A-01DD-490B-88F4-D08B672F37A3}.Debug|Any CPU.ActiveCfg = Debug|Any CPU
		{1D7F3E0A-01DD-490B-88F4-D08B672F37A3}.Debug|Any CPU.Build.0 = Debug|Any CPU
		{1D7F3E0A-01DD-490B-88F4-D08B672F37A3}.Release|Any CPU.ActiveCfg = Release|Any CPU
		{1D7F3E0A-01DD-490B-88F4-D08B672F37A3}.Release|Any CPU.Build.0 = Release|Any CPU
		{6A811EC8-37FC-45E7-B102-613F092BCB2B}.Debug|Any CPU.ActiveCfg = Debug|Any CPU
		{6A811EC8-37FC-45E7-B102-613F092BCB2B}.Debug|Any CPU.Build.0 = Debug|Any CPU
		{6A811EC8-37FC-45E7-B102-613F092BCB2B}.Release|Any CPU.ActiveCfg = Release|Any CPU
		{6A811EC8-37FC-45E7-B102-613F092BCB2B}.Release|Any CPU.Build.0 = Release|Any CPU
	EndGlobalSection
	GlobalSection(SolutionProperties) = preSolution
		HideSolutionNode = FALSE
	EndGlobalSection
	GlobalSection(ExtensibilityGlobals) = postSolution
		SolutionGuid = {D267591B-3D90-465A-BFF3-47768B318E7E}
	EndGlobalSection
EndGlobal
